
Microsoft Visual Studio Solution File, Format Version 12.00
# Visual Studio 2013
VisualStudioVersion = 12.0.31101.0
MinimumVisualStudioVersion = 10.0.40219.1
Project("{FAE04EC0-301F-11D3-BF4B-00C04F79EFBC}") = "ServiceClient", "ServiceClient\ServiceClient.csproj", "{8F845184-677F-41A4-B0EA-3E59F50C5E79}"
EndProject
Project("{FAE04EC0-301F-11D3-BF4B-00C04F79EFBC}") = "ConsoleClient", "ConsoleClient\ConsoleClient.csproj", "{3B886810-35FB-473D-BE54-BE4E33E6857C}"
EndProject
Project("{FAE04EC0-301F-11D3-BF4B-00C04F79EFBC}") = "ApiClient", "ApiClient\ApiClient.csproj", "{2B0D3AA2-7E45-49F3-B0C2-4348B17AABE9}"
EndProject
Project("{2150E333-8FDC-42A3-9474-1A3956D46DE8}") = "SolutionItems", "SolutionItems", "{2AA7B138-3F7E-41C3-B5F9-FA8145BF7179}"
	ProjectSection(SolutionItems) = preProject
		ApplyVersionToAssemblies.ps1 = ApplyVersionToAssemblies.ps1
	EndProjectSection
EndProject
Project("{2150E333-8FDC-42A3-9474-1A3956D46DE8}") = ".nuget", ".nuget", "{B3E73D82-813A-43AE-A367-A3D4EB3B499A}"
	ProjectSection(SolutionItems) = preProject
		.nuget\NuGet.Config = .nuget\NuGet.Config
		.nuget\NuGet.exe = .nuget\NuGet.exe
		.nuget\NuGet.targets = .nuget\NuGet.targets
	EndProjectSection
EndProject
Project("{FAE04EC0-301F-11D3-BF4B-00C04F79EFBC}") = "ClientDemo", "ClientDemo\ClientDemo.csproj", "{829ECB59-DA58-4E2E-BCEA-4610C4A4071A}"
EndProject
Global
	GlobalSection(SolutionConfigurationPlatforms) = preSolution
		Debug|Any CPU = Debug|Any CPU
		Release|Any CPU = Release|Any CPU
	EndGlobalSection
	GlobalSection(ProjectConfigurationPlatforms) = postSolution
		{8F845184-677F-41A4-B0EA-3E59F50C5E79}.Debug|Any CPU.ActiveCfg = Debug|Any CPU
		{8F845184-677F-41A4-B0EA-3E59F50C5E79}.Debug|Any CPU.Build.0 = Debug|Any CPU
		{8F845184-677F-41A4-B0EA-3E59F50C5E79}.Release|Any CPU.ActiveCfg = Release|Any CPU
		{8F845184-677F-41A4-B0EA-3E59F50C5E79}.Release|Any CPU.Build.0 = Release|Any CPU
		{3B886810-35FB-473D-BE54-BE4E33E6857C}.Debug|Any CPU.ActiveCfg = Debug|Any CPU
		{3B886810-35FB-473D-BE54-BE4E33E6857C}.Debug|Any CPU.Build.0 = Debug|Any CPU
		{3B886810-35FB-473D-BE54-BE4E33E6857C}.Release|Any CPU.ActiveCfg = Release|Any CPU
		{3B886810-35FB-473D-BE54-BE4E33E6857C}.Release|Any CPU.Build.0 = Release|Any CPU
		{2B0D3AA2-7E45-49F3-B0C2-4348B17AABE9}.Debug|Any CPU.ActiveCfg = Debug|Any CPU
		{2B0D3AA2-7E45-49F3-B0C2-4348B17AABE9}.Debug|Any CPU.Build.0 = Debug|Any CPU
		{2B0D3AA2-7E45-49F3-B0C2-4348B17AABE9}.Release|Any CPU.ActiveCfg = Release|Any CPU
		{2B0D3AA2-7E45-49F3-B0C2-4348B17AABE9}.Release|Any CPU.Build.0 = Release|Any CPU
		{829ECB59-DA58-4E2E-BCEA-4610C4A4071A}.Debug|Any CPU.ActiveCfg = Debug|Any CPU
		{829ECB59-DA58-4E2E-BCEA-4610C4A4071A}.Debug|Any CPU.Build.0 = Debug|Any CPU
		{829ECB59-DA58-4E2E-BCEA-4610C4A4071A}.Release|Any CPU.ActiveCfg = Release|Any CPU
		{829ECB59-DA58-4E2E-BCEA-4610C4A4071A}.Release|Any CPU.Build.0 = Release|Any CPU
	EndGlobalSection
	GlobalSection(SolutionProperties) = preSolution
		HideSolutionNode = FALSE
	EndGlobalSection
EndGlobal
